// !$*UTF8*$!
{
	archiveVersion = 1;
	classes = {
	};
	objectVersion = 77;
	objects = {

/* Begin PBXBuildFile section */
		029808E82B6BF60B2A8B08B0 /* 1C16E944-A18E-4A3B-9651-B639C91F7F65.png in Resources */ = {isa = PBXBuildFile; fileRef = 05A0904057178A9858988362 /* 1C16E944-A18E-4A3B-9651-B639C91F7F65.png */; };
		050BC0B430E36F5B4EA9A63D /* 240C63AE-B4CF-4BE2-90BE-D450878B809F.png in Resources */ = {isa = PBXBuildFile; fileRef = 78D80320236AFC8013A07D70 /* 240C63AE-B4CF-4BE2-90BE-D450878B809F.png */; };
		0A9115B0DB1C6E24CACE71CF /* 7BD59672-C2DB-4B17-BBEF-9FAE24FEBEC5 2.png in Resources */ = {isa = PBXBuildFile; fileRef = 8C8DB4479190E1D72EE7B58F /* 7BD59672-C2DB-4B17-BBEF-9FAE24FEBEC5 2.png */; };
		17A501296C1D5DCA7EC4BC72 /* memory_notebook_card.png in Resources */ = {isa = PBXBuildFile; fileRef = 5050C9EA85B8B1736C509818 /* memory_notebook_card.png */; };
		215E18EF01FEB39A8D7B234B /* D86AE38B-B228-4285-BD94-6AF2FCD1C71E 2.png in Resources */ = {isa = PBXBuildFile; fileRef = 9FF7EE2EBAA4533EAC135028 /* D86AE38B-B228-4285-BD94-6AF2FCD1C71E 2.png */; };
		288CFD86CEB9A13BB7C4C260 /* MindPalaceApp.swift in Sources */ = {isa = PBXBuildFile; fileRef = 702F0A7DC22F59252F27C58C /* MindPalaceApp.swift */; };
		2CD7D070C4D70643FEAE2944 /* B836C280-90F3-4FB8-AF21-6813FAEDE7E1.png in Resources */ = {isa = PBXBuildFile; fileRef = 7475D9BACF1F765172DE87F5 /* B836C280-90F3-4FB8-AF21-6813FAEDE7E1.png */; };
		36A8F0655566734E6A38663D /* GeometryUtilsTests.swift in Sources */ = {isa = PBXBuildFile; fileRef = 33EBACBC955120915D421E52 /* GeometryUtilsTests.swift */; };
		377C619FE6E820AD44948ECF /* 52C18C29-DED8-4449-ABD8-AB3122BC148F.png in Resources */ = {isa = PBXBuildFile; fileRef = D6A8B959EB64DBE366AE9CA1 /* 52C18C29-DED8-4449-ABD8-AB3122BC148F.png */; };
		464DECF472A597C430C645DA /* PrivacyInfo.xcprivacy in Resources */ = {isa = PBXBuildFile; fileRef = AFC3207809A4D16D2C368131 /* PrivacyInfo.xcprivacy */; };
		493D96C3CEC3E6AC368608CC /* 48609C36-D97F-4E8B-8A78-A6FF79942300 2.png in Resources */ = {isa = PBXBuildFile; fileRef = 65F3CB1FE538065B45EC9B2F /* 48609C36-D97F-4E8B-8A78-A6FF79942300 2.png */; };
		4CA150E1A34D0F72D540D3EB /* 1B6FC3FC-ABF2-41E1-B439-C616D29DD6A5 2.png in Resources */ = {isa = PBXBuildFile; fileRef = CE543214F5DB8D06F7024F52 /* 1B6FC3FC-ABF2-41E1-B439-C616D29DD6A5 2.png */; };
		51919BCD7420B75C29DAA614 /* ImageStore.swift in Sources */ = {isa = PBXBuildFile; fileRef = 20328AB420EA87A3F11288DB /* ImageStore.swift */; };
		57762A58006F27E5032B505A /* TutorialView.swift in Sources */ = {isa = PBXBuildFile; fileRef = AAA2E82357112AAD1D7B9B7C /* TutorialView.swift */; };
		60C92DB7573BAEA99E572591 /* PhotoEditorView.swift in Sources */ = {isa = PBXBuildFile; fileRef = 87432C1241B6FF9B946A08CE /* PhotoEditorView.swift */; };
		6AD4321996F2862BCEC66F37 /* C3D46A91-BC5E-498F-A172-A5B06D777101.png in Resources */ = {isa = PBXBuildFile; fileRef = F5944462017D1C31DDFD75D1 /* C3D46A91-BC5E-498F-A172-A5B06D777101.png */; };
		702CB63078808D6952643467 /* MemoryMapView.swift in Sources */ = {isa = PBXBuildFile; fileRef = BD703F90EBF77D285585A7CC /* MemoryMapView.swift */; };
		7DADF39D6F9670082E806ADB /* PalaceStyle.swift in Sources */ = {isa = PBXBuildFile; fileRef = DB1A444DA9353A43AF90742B /* PalaceStyle.swift */; };
		7DE7339CF39A085FA1C78FDC /* ImageLoader.swift in Sources */ = {isa = PBXBuildFile; fileRef = D852A54DDFD9908051CE9C94 /* ImageLoader.swift */; };
		82D3F6F2E987FF4CCF1813E5 /* MemoryItemView.swift in Sources */ = {isa = PBXBuildFile; fileRef = DD97BAA1E2A94F6DB3859F3B /* MemoryItemView.swift */; };
		86B9436F98B999157009AA01 /* MemorySetDetailView.swift in Sources */ = {isa = PBXBuildFile; fileRef = 4EB0E77FBB25905F1EBD5063 /* MemorySetDetailView.swift */; };
		938A8BE29D13712FDB13A04F /* SeedDataService.swift in Sources */ = {isa = PBXBuildFile; fileRef = 24AF8A004F1DE9A8492D6803 /* SeedDataService.swift */; };
		AA1E5600EB64D8F9220C31EE /* memory_notebook_hero.png in Resources */ = {isa = PBXBuildFile; fileRef = 9691A3BC2B4115F57DBE7117 /* memory_notebook_hero.png */; };
		AB9B7102E5B82B20C7FCBCAF /* CameraPicker.swift in Sources */ = {isa = PBXBuildFile; fileRef = 03D6FBB682B61C4983AF33C3 /* CameraPicker.swift */; };
		B1F7A9D9FD6F35A3D120CA4F /* Localizable.xcstrings in Resources */ = {isa = PBXBuildFile; fileRef = BA729BF3D594D7189D844D64 /* Localizable.xcstrings */; };
		B490E574CEB461481E5A9693 /* 4B9A5510-F192-4488-9974-4095B63BC0D2.png in Resources */ = {isa = PBXBuildFile; fileRef = BFC0FB2D5A2D5FC540660034 /* 4B9A5510-F192-4488-9974-4095B63BC0D2.png */; };
		B7FC5EA4EA4B2466D0BC21DA /* MemoryModels.swift in Sources */ = {isa = PBXBuildFile; fileRef = 350DC7BF6AA07E61E0954225 /* MemoryModels.swift */; };
		B981F4FC01BC16FC2C852893 /* LocationProvider.swift in Sources */ = {isa = PBXBuildFile; fileRef = 3087B2519E3359C15F8D94D7 /* LocationProvider.swift */; };
		C0274AB15268D4320E982837 /* GeometryUtils.swift in Sources */ = {isa = PBXBuildFile; fileRef = 14F7D7FB9D12E1C165784453 /* GeometryUtils.swift */; };
		D6C7B267F3A8A19F8097776F /* MemoryPhotoView.swift in Sources */ = {isa = PBXBuildFile; fileRef = D57123AD136F53B967BA7620 /* MemoryPhotoView.swift */; };
		D9089C8E9F258B4E547ECF4F /* HomeView.swift in Sources */ = {isa = PBXBuildFile; fileRef = 1C7254FA0787EA207C87E000 /* HomeView.swift */; };
		D9BF59CC9E847A45D6CB238E /* InfoPlist.xcstrings in Resources */ = {isa = PBXBuildFile; fileRef = 3B3C584B18F912DC971A8EFC /* InfoPlist.xcstrings */; };
		DE473802D294760D803EBBEF /* ScreenshotAutomationTests.swift in Sources */ = {isa = PBXBuildFile; fileRef = E7A98B0628D4C1A74C7EF272 /* ScreenshotAutomationTests.swift */; };
		DE88AEDAF7D1E1E98B06C234 /* MemoryMapUITests.swift in Sources */ = {isa = PBXBuildFile; fileRef = 15384D8B8F9257A96D4F0634 /* MemoryMapUITests.swift */; };
		E182F18314455F3A6C42F022 /* 606BAB1B-066D-4124-8E8B-45A5A9332613.png in Resources */ = {isa = PBXBuildFile; fileRef = 874BBE97A456AD4A8F392CFE /* 606BAB1B-066D-4124-8E8B-45A5A9332613.png */; };
		F332D767A4865574EE579BBC /* FEC8D736-6AB6-46A2-8727-EFEC90FF6C83.jpeg in Resources */ = {isa = PBXBuildFile; fileRef = AD9FCFA18E5FD9240D12A651 /* FEC8D736-6AB6-46A2-8727-EFEC90FF6C83.jpeg */; };
		F4D534CA8584BD76E5D92EB6 /* ReviewView.swift in Sources */ = {isa = PBXBuildFile; fileRef = C4FF2B380FF8A8CA87B83714 /* ReviewView.swift */; };
		FB26FA7520718936AD0937AF /* LocationEditorView.swift in Sources */ = {isa = PBXBuildFile; fileRef = ABF5A89E703D183DD348BDBA /* LocationEditorView.swift */; };
		FB99A743C8F5306C2959BA0D /* Assets.xcassets in Resources */ = {isa = PBXBuildFile; fileRef = 4134EA970D56F0A9B12A3611 /* Assets.xcassets */; };
/* End PBXBuildFile section */

/* Begin PBXContainerItemProxy section */
		66F5F267A2383CE23666E5C2 /* PBXContainerItemProxy */ = {
			isa = PBXContainerItemProxy;
			containerPortal = 3D53D31276917A441A86FF9E /* Project object */;
			proxyType = 1;
			remoteGlobalIDString = 1B831FAF631E4F0266EF59B7;
			remoteInfo = MindPalace;
		};
		929E62CFBD47FCE95F773D55 /* PBXContainerItemProxy */ = {
			isa = PBXContainerItemProxy;
			containerPortal = 3D53D31276917A441A86FF9E /* Project object */;
			proxyType = 1;
			remoteGlobalIDString = 1B831FAF631E4F0266EF59B7;
			remoteInfo = MindPalace;
		};
/* End PBXContainerItemProxy section */

/* Begin PBXFileReference section */
		03D6FBB682B61C4983AF33C3 /* CameraPicker.swift */ = {isa = PBXFileReference; lastKnownFileType = sourcecode.swift; path = CameraPicker.swift; sourceTree = "<group>"; };
		05A0904057178A9858988362 /* 1C16E944-A18E-4A3B-9651-B639C91F7F65.png */ = {isa = PBXFileReference; lastKnownFileType = image.png; path = "1C16E944-A18E-4A3B-9651-B639C91F7F65.png"; sourceTree = "<group>"; };
		14F7D7FB9D12E1C165784453 /* GeometryUtils.swift */ = {isa = PBXFileReference; lastKnownFileType = sourcecode.swift; path = GeometryUtils.swift; sourceTree = "<group>"; };
		15384D8B8F9257A96D4F0634 /* MemoryMapUITests.swift */ = {isa = PBXFileReference; lastKnownFileType = sourcecode.swift; path = MemoryMapUITests.swift; sourceTree = "<group>"; };
		1C7254FA0787EA207C87E000 /* HomeView.swift */ = {isa = PBXFileReference; lastKnownFileType = sourcecode.swift; path = HomeView.swift; sourceTree = "<group>"; };
		1F520C499840A3BC6065F1C5 /* MindPalace.app */ = {isa = PBXFileReference; includeInIndex = 0; lastKnownFileType = wrapper.application; path = MindPalace.app; sourceTree = BUILT_PRODUCTS_DIR; };
		20328AB420EA87A3F11288DB /* ImageStore.swift */ = {isa = PBXFileReference; lastKnownFileType = sourcecode.swift; path = ImageStore.swift; sourceTree = "<group>"; };
		24AF8A004F1DE9A8492D6803 /* SeedDataService.swift */ = {isa = PBXFileReference; lastKnownFileType = sourcecode.swift; path = SeedDataService.swift; sourceTree = "<group>"; };
		29A661D21CEBD2F9D27F8127 /* Info.plist */ = {isa = PBXFileReference; lastKnownFileType = text.plist; path = Info.plist; sourceTree = "<group>"; };
		2FA9995BD1A199571CCB3089 /* MindPalaceUITests.xctest */ = {isa = PBXFileReference; includeInIndex = 0; lastKnownFileType = wrapper.cfbundle; path = MindPalaceUITests.xctest; sourceTree = BUILT_PRODUCTS_DIR; };
		3087B2519E3359C15F8D94D7 /* LocationProvider.swift */ = {isa = PBXFileReference; lastKnownFileType = sourcecode.swift; path = LocationProvider.swift; sourceTree = "<group>"; };
		33EBACBC955120915D421E52 /* GeometryUtilsTests.swift */ = {isa = PBXFileReference; lastKnownFileType = sourcecode.swift; path = GeometryUtilsTests.swift; sourceTree = "<group>"; };
		350DC7BF6AA07E61E0954225 /* MemoryModels.swift */ = {isa = PBXFileReference; lastKnownFileType = sourcecode.swift; path = MemoryModels.swift; sourceTree = "<group>"; };
		3B3C584B18F912DC971A8EFC /* InfoPlist.xcstrings */ = {isa = PBXFileReference; lastKnownFileType = text.json.xcstrings; path = InfoPlist.xcstrings; sourceTree = "<group>"; };
		4134EA970D56F0A9B12A3611 /* Assets.xcassets */ = {isa = PBXFileReference; lastKnownFileType = folder.assetcatalog; path = Assets.xcassets; sourceTree = "<group>"; };
		4EB0E77FBB25905F1EBD5063 /* MemorySetDetailView.swift */ = {isa = PBXFileReference; lastKnownFileType = sourcecode.swift; path = MemorySetDetailView.swift; sourceTree = "<group>"; };
		5050C9EA85B8B1736C509818 /* memory_notebook_card.png */ = {isa = PBXFileReference; lastKnownFileType = image.png; path = memory_notebook_card.png; sourceTree = "<group>"; };
		65F3CB1FE538065B45EC9B2F /* 48609C36-D97F-4E8B-8A78-A6FF79942300 2.png */ = {isa = PBXFileReference; lastKnownFileType = image.png; path = "48609C36-D97F-4E8B-8A78-A6FF79942300 2.png"; sourceTree = "<group>"; };
		702F0A7DC22F59252F27C58C /* MindPalaceApp.swift */ = {isa = PBXFileReference; lastKnownFileType = sourcecode.swift; path = MindPalaceApp.swift; sourceTree = "<group>"; };
		7475D9BACF1F765172DE87F5 /* B836C280-90F3-4FB8-AF21-6813FAEDE7E1.png */ = {isa = PBXFileReference; lastKnownFileType = image.png; path = "B836C280-90F3-4FB8-AF21-6813FAEDE7E1.png"; sourceTree = "<group>"; };
		78D80320236AFC8013A07D70 /* 240C63AE-B4CF-4BE2-90BE-D450878B809F.png */ = {isa = PBXFileReference; lastKnownFileType = image.png; path = "240C63AE-B4CF-4BE2-90BE-D450878B809F.png"; sourceTree = "<group>"; };
		87432C1241B6FF9B946A08CE /* PhotoEditorView.swift */ = {isa = PBXFileReference; lastKnownFileType = sourcecode.swift; path = PhotoEditorView.swift; sourceTree = "<group>"; };
		874BBE97A456AD4A8F392CFE /* 606BAB1B-066D-4124-8E8B-45A5A9332613.png */ = {isa = PBXFileReference; lastKnownFileType = image.png; path = "606BAB1B-066D-4124-8E8B-45A5A9332613.png"; sourceTree = "<group>"; };
		8C8DB4479190E1D72EE7B58F /* 7BD59672-C2DB-4B17-BBEF-9FAE24FEBEC5 2.png */ = {isa = PBXFileReference; lastKnownFileType = image.png; path = "7BD59672-C2DB-4B17-BBEF-9FAE24FEBEC5 2.png"; sourceTree = "<group>"; };
		9691A3BC2B4115F57DBE7117 /* memory_notebook_hero.png */ = {isa = PBXFileReference; lastKnownFileType = image.png; path = memory_notebook_hero.png; sourceTree = "<group>"; };
		9FF7EE2EBAA4533EAC135028 /* D86AE38B-B228-4285-BD94-6AF2FCD1C71E 2.png */ = {isa = PBXFileReference; lastKnownFileType = image.png; path = "D86AE38B-B228-4285-BD94-6AF2FCD1C71E 2.png"; sourceTree = "<group>"; };
		AAA2E82357112AAD1D7B9B7C /* TutorialView.swift */ = {isa = PBXFileReference; lastKnownFileType = sourcecode.swift; path = TutorialView.swift; sourceTree = "<group>"; };
		ABF5A89E703D183DD348BDBA /* LocationEditorView.swift */ = {isa = PBXFileReference; lastKnownFileType = sourcecode.swift; path = LocationEditorView.swift; sourceTree = "<group>"; };
		AD9FCFA18E5FD9240D12A651 /* FEC8D736-6AB6-46A2-8727-EFEC90FF6C83.jpeg */ = {isa = PBXFileReference; lastKnownFileType = image.jpeg; path = "FEC8D736-6AB6-46A2-8727-EFEC90FF6C83.jpeg"; sourceTree = "<group>"; };
		AFC3207809A4D16D2C368131 /* PrivacyInfo.xcprivacy */ = {isa = PBXFileReference; path = PrivacyInfo.xcprivacy; sourceTree = "<group>"; };
		BA729BF3D594D7189D844D64 /* Localizable.xcstrings */ = {isa = PBXFileReference; lastKnownFileType = text.json.xcstrings; path = Localizable.xcstrings; sourceTree = "<group>"; };
		BD703F90EBF77D285585A7CC /* MemoryMapView.swift */ = {isa = PBXFileReference; lastKnownFileType = sourcecode.swift; path = MemoryMapView.swift; sourceTree = "<group>"; };
		BFC0FB2D5A2D5FC540660034 /* 4B9A5510-F192-4488-9974-4095B63BC0D2.png */ = {isa = PBXFileReference; lastKnownFileType = image.png; path = "4B9A5510-F192-4488-9974-4095B63BC0D2.png"; sourceTree = "<group>"; };
		C4FF2B380FF8A8CA87B83714 /* ReviewView.swift */ = {isa = PBXFileReference; lastKnownFileType = sourcecode.swift; path = ReviewView.swift; sourceTree = "<group>"; };
		CE543214F5DB8D06F7024F52 /* 1B6FC3FC-ABF2-41E1-B439-C616D29DD6A5 2.png */ = {isa = PBXFileReference; lastKnownFileType = image.png; path = "1B6FC3FC-ABF2-41E1-B439-C616D29DD6A5 2.png"; sourceTree = "<group>"; };
		D57123AD136F53B967BA7620 /* MemoryPhotoView.swift */ = {isa = PBXFileReference; lastKnownFileType = sourcecode.swift; path = MemoryPhotoView.swift; sourceTree = "<group>"; };
		D6A8B959EB64DBE366AE9CA1 /* 52C18C29-DED8-4449-ABD8-AB3122BC148F.png */ = {isa = PBXFileReference; lastKnownFileType = image.png; path = "52C18C29-DED8-4449-ABD8-AB3122BC148F.png"; sourceTree = "<group>"; };
		D852A54DDFD9908051CE9C94 /* ImageLoader.swift */ = {isa = PBXFileReference; lastKnownFileType = sourcecode.swift; path = ImageLoader.swift; sourceTree = "<group>"; };
		DB1A444DA9353A43AF90742B /* PalaceStyle.swift */ = {isa = PBXFileReference; lastKnownFileType = sourcecode.swift; path = PalaceStyle.swift; sourceTree = "<group>"; };
		DD97BAA1E2A94F6DB3859F3B /* MemoryItemView.swift */ = {isa = PBXFileReference; lastKnownFileType = sourcecode.swift; path = MemoryItemView.swift; sourceTree = "<group>"; };
		E7A98B0628D4C1A74C7EF272 /* ScreenshotAutomationTests.swift */ = {isa = PBXFileReference; lastKnownFileType = sourcecode.swift; path = ScreenshotAutomationTests.swift; sourceTree = "<group>"; };
		F5944462017D1C31DDFD75D1 /* C3D46A91-BC5E-498F-A172-A5B06D777101.png */ = {isa = PBXFileReference; lastKnownFileType = image.png; path = "C3D46A91-BC5E-498F-A172-A5B06D777101.png"; sourceTree = "<group>"; };
		FC8A01F6F0A04C8797CF1B4E /* MindPalaceTests.xctest */ = {isa = PBXFileReference; includeInIndex = 0; lastKnownFileType = wrapper.cfbundle; path = MindPalaceTests.xctest; sourceTree = BUILT_PRODUCTS_DIR; };
/* End PBXFileReference section */

/* Begin PBXGroup section */
		0DC18CA806C17B9F8DB7C121 = {
			isa = PBXGroup;
			children = (
				C422B1A13F5C1EBF9498120B /* MindPalace */,
				235D29297CD18E820C415CD7 /* MindPalaceTests */,
				C8857BB4DF4A1C001F5D4071 /* MindPalaceUITests */,
				D4D576095A3470779987EB97 /* Products */,
			);
			sourceTree = "<group>";
		};
		235D29297CD18E820C415CD7 /* MindPalaceTests */ = {
			isa = PBXGroup;
			children = (
				33EBACBC955120915D421E52 /* GeometryUtilsTests.swift */,
			);
			path = MindPalaceTests;
			sourceTree = "<group>";
		};
		485B4973B1F335AFA232B488 /* SeedImages */ = {
			isa = PBXGroup;
			children = (
				CE543214F5DB8D06F7024F52 /* 1B6FC3FC-ABF2-41E1-B439-C616D29DD6A5 2.png */,
				05A0904057178A9858988362 /* 1C16E944-A18E-4A3B-9651-B639C91F7F65.png */,
				BFC0FB2D5A2D5FC540660034 /* 4B9A5510-F192-4488-9974-4095B63BC0D2.png */,
				8C8DB4479190E1D72EE7B58F /* 7BD59672-C2DB-4B17-BBEF-9FAE24FEBEC5 2.png */,
				D6A8B959EB64DBE366AE9CA1 /* 52C18C29-DED8-4449-ABD8-AB3122BC148F.png */,
				78D80320236AFC8013A07D70 /* 240C63AE-B4CF-4BE2-90BE-D450878B809F.png */,
				874BBE97A456AD4A8F392CFE /* 606BAB1B-066D-4124-8E8B-45A5A9332613.png */,
				65F3CB1FE538065B45EC9B2F /* 48609C36-D97F-4E8B-8A78-A6FF79942300 2.png */,
				7475D9BACF1F765172DE87F5 /* B836C280-90F3-4FB8-AF21-6813FAEDE7E1.png */,
				F5944462017D1C31DDFD75D1 /* C3D46A91-BC5E-498F-A172-A5B06D777101.png */,
				9FF7EE2EBAA4533EAC135028 /* D86AE38B-B228-4285-BD94-6AF2FCD1C71E 2.png */,
				AD9FCFA18E5FD9240D12A651 /* FEC8D736-6AB6-46A2-8727-EFEC90FF6C83.jpeg */,
			);
			path = SeedImages;
			sourceTree = "<group>";
		};
		71938A53633A56C6E53DECBE /* Services */ = {
			isa = PBXGroup;
			children = (
				D852A54DDFD9908051CE9C94 /* ImageLoader.swift */,
				20328AB420EA87A3F11288DB /* ImageStore.swift */,
				3087B2519E3359C15F8D94D7 /* LocationProvider.swift */,
				24AF8A004F1DE9A8492D6803 /* SeedDataService.swift */,
			);
			path = Services;
			sourceTree = "<group>";
		};
		7FFEE59657C15ADE51D70B51 /* Models */ = {
			isa = PBXGroup;
			children = (
				350DC7BF6AA07E61E0954225 /* MemoryModels.swift */,
			);
			path = Models;
			sourceTree = "<group>";
		};
		90148F28695368403574DB84 /* Resources */ = {
			isa = PBXGroup;
			children = (
				F3E6E630FE6A5B65E113D463 /* Artwork */,
				485B4973B1F335AFA232B488 /* SeedImages */,
			);
			path = Resources;
			sourceTree = "<group>";
		};
		AA89F4A73417BA95D2597F83 /* Views */ = {
			isa = PBXGroup;
			children = (
				03D6FBB682B61C4983AF33C3 /* CameraPicker.swift */,
				14F7D7FB9D12E1C165784453 /* GeometryUtils.swift */,
				1C7254FA0787EA207C87E000 /* HomeView.swift */,
				ABF5A89E703D183DD348BDBA /* LocationEditorView.swift */,
				DD97BAA1E2A94F6DB3859F3B /* MemoryItemView.swift */,
				BD703F90EBF77D285585A7CC /* MemoryMapView.swift */,
				D57123AD136F53B967BA7620 /* MemoryPhotoView.swift */,
				4EB0E77FBB25905F1EBD5063 /* MemorySetDetailView.swift */,
				DB1A444DA9353A43AF90742B /* PalaceStyle.swift */,
				87432C1241B6FF9B946A08CE /* PhotoEditorView.swift */,
				C4FF2B380FF8A8CA87B83714 /* ReviewView.swift */,
				AAA2E82357112AAD1D7B9B7C /* TutorialView.swift */,
			);
			path = Views;
			sourceTree = "<group>";
		};
		C422B1A13F5C1EBF9498120B /* MindPalace */ = {
			isa = PBXGroup;
			children = (
				4134EA970D56F0A9B12A3611 /* Assets.xcassets */,
				29A661D21CEBD2F9D27F8127 /* Info.plist */,
				3B3C584B18F912DC971A8EFC /* InfoPlist.xcstrings */,
				BA729BF3D594D7189D844D64 /* Localizable.xcstrings */,
				702F0A7DC22F59252F27C58C /* MindPalaceApp.swift */,
				AFC3207809A4D16D2C368131 /* PrivacyInfo.xcprivacy */,
				7FFEE59657C15ADE51D70B51 /* Models */,
				90148F28695368403574DB84 /* Resources */,
				71938A53633A56C6E53DECBE /* Services */,
				AA89F4A73417BA95D2597F83 /* Views */,
			);
			path = MindPalace;
			sourceTree = "<group>";
		};
		C8857BB4DF4A1C001F5D4071 /* MindPalaceUITests */ = {
			isa = PBXGroup;
			children = (
				15384D8B8F9257A96D4F0634 /* MemoryMapUITests.swift */,
				E7A98B0628D4C1A74C7EF272 /* ScreenshotAutomationTests.swift */,
			);
			path = MindPalaceUITests;
			sourceTree = "<group>";
		};
		D4D576095A3470779987EB97 /* Products */ = {
			isa = PBXGroup;
			children = (
				1F520C499840A3BC6065F1C5 /* MindPalace.app */,
				FC8A01F6F0A04C8797CF1B4E /* MindPalaceTests.xctest */,
				2FA9995BD1A199571CCB3089 /* MindPalaceUITests.xctest */,
			);
			name = Products;
			sourceTree = "<group>";
		};
		F3E6E630FE6A5B65E113D463 /* Artwork */ = {
			isa = PBXGroup;
			children = (
				5050C9EA85B8B1736C509818 /* memory_notebook_card.png */,
				9691A3BC2B4115F57DBE7117 /* memory_notebook_hero.png */,
			);
			path = Artwork;
			sourceTree = "<group>";
		};
/* End PBXGroup section */

/* Begin PBXNativeTarget section */
		1B831FAF631E4F0266EF59B7 /* MindPalace */ = {
			isa = PBXNativeTarget;
			buildConfigurationList = 9DC4C990C1E53A43ED0923EF /* Build configuration list for PBXNativeTarget "MindPalace" */;
			buildPhases = (
				458565D6C28B3082504ABF0E /* Sources */,
				094D4BF9DD249E75267848AF /* Resources */,
			);
			buildRules = (
			);
			dependencies = (
			);
			name = MindPalace;
			packageProductDependencies = (
			);
			productName = MindPalace;
			productReference = 1F520C499840A3BC6065F1C5 /* MindPalace.app */;
			productType = "com.apple.product-type.application";
		};
		2696D9F5F4593DF14E779D87 /* MindPalaceTests */ = {
			isa = PBXNativeTarget;
			buildConfigurationList = F37D63AF18151714F2C05134 /* Build configuration list for PBXNativeTarget "MindPalaceTests" */;
			buildPhases = (
				5D03086EA845AA15651CC7F6 /* Sources */,
			);
			buildRules = (
			);
			dependencies = (
				F5F6B5B07637BF1BC162D705 /* PBXTargetDependency */,
			);
			name = MindPalaceTests;
			packageProductDependencies = (
			);
			productName = MindPalaceTests;
			productReference = FC8A01F6F0A04C8797CF1B4E /* MindPalaceTests.xctest */;
			productType = "com.apple.product-type.bundle.unit-test";
		};
		72BDF6E057B1BE354EAF0649 /* MindPalaceUITests */ = {
			isa = PBXNativeTarget;
			buildConfigurationList = AB50D588DBC6ACAC318980FE /* Build configuration list for PBXNativeTarget "MindPalaceUITests" */;
			buildPhases = (
				99F08CC509D250E271F29A54 /* Sources */,
			);
			buildRules = (
			);
			dependencies = (
				F35089009CAB4BCF5F187C17 /* PBXTargetDependency */,
			);
			name = MindPalaceUITests;
			packageProductDependencies = (
			);
			productName = MindPalaceUITests;
			productReference = 2FA9995BD1A199571CCB3089 /* MindPalaceUITests.xctest */;
			productType = "com.apple.product-type.bundle.ui-testing";
		};
/* End PBXNativeTarget section */

/* Begin PBXProject section */
		3D53D31276917A441A86FF9E /* Project object */ = {
			isa = PBXProject;
			attributes = {
				BuildIndependentTargetsInParallel = YES;
				LastUpgradeCheck = 2650;
				TargetAttributes = {
					1B831FAF631E4F0266EF59B7 = {
						DevelopmentTeam = 3Z2GBKFGF5;
					};
					2696D9F5F4593DF14E779D87 = {
						DevelopmentTeam = 3Z2GBKFGF5;
					};
					72BDF6E057B1BE354EAF0649 = {
						DevelopmentTeam = 3Z2GBKFGF5;
						TestTargetID = 1B831FAF631E4F0266EF59B7;
					};
				};
			};
			buildConfigurationList = F7C9A695EC87DF55115684AC /* Build configuration list for PBXProject "MindPalace" */;
			developmentRegion = en;
			hasScannedForEncodings = 0;
			knownRegions = (
				Base,
				en,
				ja,
			);
			mainGroup = 0DC18CA806C17B9F8DB7C121;
			minimizedProjectReferenceProxies = 1;
			preferredProjectObjectVersion = 77;
			productRefGroup = D4D576095A3470779987EB97 /* Products */;
			projectDirPath = "";
			projectRoot = "";
			targets = (
				1B831FAF631E4F0266EF59B7 /* MindPalace */,
				2696D9F5F4593DF14E779D87 /* MindPalaceTests */,
				72BDF6E057B1BE354EAF0649 /* MindPalaceUITests */,
			);
		};
/* End PBXProject section */

/* Begin PBXResourcesBuildPhase section */
		094D4BF9DD249E75267848AF /* Resources */ = {
			isa = PBXResourcesBuildPhase;
			buildActionMask = 2147483647;
			files = (
				4CA150E1A34D0F72D540D3EB /* 1B6FC3FC-ABF2-41E1-B439-C616D29DD6A5 2.png in Resources */,
				029808E82B6BF60B2A8B08B0 /* 1C16E944-A18E-4A3B-9651-B639C91F7F65.png in Resources */,
				050BC0B430E36F5B4EA9A63D /* 240C63AE-B4CF-4BE2-90BE-D450878B809F.png in Resources */,
				493D96C3CEC3E6AC368608CC /* 48609C36-D97F-4E8B-8A78-A6FF79942300 2.png in Resources */,
				B490E574CEB461481E5A9693 /* 4B9A5510-F192-4488-9974-4095B63BC0D2.png in Resources */,
				377C619FE6E820AD44948ECF /* 52C18C29-DED8-4449-ABD8-AB3122BC148F.png in Resources */,
				E182F18314455F3A6C42F022 /* 606BAB1B-066D-4124-8E8B-45A5A9332613.png in Resources */,
				0A9115B0DB1C6E24CACE71CF /* 7BD59672-C2DB-4B17-BBEF-9FAE24FEBEC5 2.png in Resources */,
				FB99A743C8F5306C2959BA0D /* Assets.xcassets in Resources */,
				2CD7D070C4D70643FEAE2944 /* B836C280-90F3-4FB8-AF21-6813FAEDE7E1.png in Resources */,
				6AD4321996F2862BCEC66F37 /* C3D46A91-BC5E-498F-A172-A5B06D777101.png in Resources */,
				215E18EF01FEB39A8D7B234B /* D86AE38B-B228-4285-BD94-6AF2FCD1C71E 2.png in Resources */,
				F332D767A4865574EE579BBC /* FEC8D736-6AB6-46A2-8727-EFEC90FF6C83.jpeg in Resources */,
				D9BF59CC9E847A45D6CB238E /* InfoPlist.xcstrings in Resources */,
				B1F7A9D9FD6F35A3D120CA4F /* Localizable.xcstrings in Resources */,
				464DECF472A597C430C645DA /* PrivacyInfo.xcprivacy in Resources */,
				17A501296C1D5DCA7EC4BC72 /* memory_notebook_card.png in Resources */,
				AA1E5600EB64D8F9220C31EE /* memory_notebook_hero.png in Resources */,
			);
			runOnlyForDeploymentPostprocessing = 0;
		};
/* End PBXResourcesBuildPhase section */

/* Begin PBXSourcesBuildPhase section */
		458565D6C28B3082504ABF0E /* Sources */ = {
			isa = PBXSourcesBuildPhase;
			buildActionMask = 2147483647;
			files = (
				AB9B7102E5B82B20C7FCBCAF /* CameraPicker.swift in Sources */,
				C0274AB15268D4320E982837 /* GeometryUtils.swift in Sources */,
				D9089C8E9F258B4E547ECF4F /* HomeView.swift in Sources */,
				7DE7339CF39A085FA1C78FDC /* ImageLoader.swift in Sources */,
				51919BCD7420B75C29DAA614 /* ImageStore.swift in Sources */,
				FB26FA7520718936AD0937AF /* LocationEditorView.swift in Sources */,
				B981F4FC01BC16FC2C852893 /* LocationProvider.swift in Sources */,
				82D3F6F2E987FF4CCF1813E5 /* MemoryItemView.swift in Sources */,
				702CB63078808D6952643467 /* MemoryMapView.swift in Sources */,
				B7FC5EA4EA4B2466D0BC21DA /* MemoryModels.swift in Sources */,
				D6C7B267F3A8A19F8097776F /* MemoryPhotoView.swift in Sources */,
				86B9436F98B999157009AA01 /* MemorySetDetailView.swift in Sources */,
				288CFD86CEB9A13BB7C4C260 /* MindPalaceApp.swift in Sources */,
				7DADF39D6F9670082E806ADB /* PalaceStyle.swift in Sources */,
				60C92DB7573BAEA99E572591 /* PhotoEditorView.swift in Sources */,
				F4D534CA8584BD76E5D92EB6 /* ReviewView.swift in Sources */,
				938A8BE29D13712FDB13A04F /* SeedDataService.swift in Sources */,
				57762A58006F27E5032B505A /* TutorialView.swift in Sources */,
			);
			runOnlyForDeploymentPostprocessing = 0;
		};
		5D03086EA845AA15651CC7F6 /* Sources */ = {
			isa = PBXSourcesBuildPhase;
			buildActionMask = 2147483647;
			files = (
				36A8F0655566734E6A38663D /* GeometryUtilsTests.swift in Sources */,
			);
			runOnlyForDeploymentPostprocessing = 0;
		};
		99F08CC509D250E271F29A54 /* Sources */ = {
			isa = PBXSourcesBuildPhase;
			buildActionMask = 2147483647;
			files = (
				DE88AEDAF7D1E1E98B06C234 /* MemoryMapUITests.swift in Sources */,
				DE473802D294760D803EBBEF /* ScreenshotAutomationTests.swift in Sources */,
			);
			runOnlyForDeploymentPostprocessing = 0;
		};
/* End PBXSourcesBuildPhase section */

/* Begin PBXTargetDependency section */
		F35089009CAB4BCF5F187C17 /* PBXTargetDependency */ = {
			isa = PBXTargetDependency;
			target = 1B831FAF631E4F0266EF59B7 /* MindPalace */;
			targetProxy = 66F5F267A2383CE23666E5C2 /* PBXContainerItemProxy */;
		};
		F5F6B5B07637BF1BC162D705 /* PBXTargetDependency */ = {
			isa = PBXTargetDependency;
			target = 1B831FAF631E4F0266EF59B7 /* MindPalace */;
			targetProxy = 929E62CFBD47FCE95F773D55 /* PBXContainerItemProxy */;
		};
/* End PBXTargetDependency section */

/* Begin XCBuildConfiguration section */
		023262F196AB822ED6D84A3F /* Debug */ = {
			isa = XCBuildConfiguration;
			buildSettings = {
				ALWAYS_SEARCH_USER_PATHS = NO;
				CLANG_ANALYZER_LOCALIZABILITY_NONLOCALIZED = YES;
				CLANG_ANALYZER_NONNULL = YES;
				CLANG_ANALYZER_NUMBER_OBJECT_CONVERSION = YES_AGGRESSIVE;
				CLANG_CXX_LANGUAGE_STANDARD = "gnu++14";
				CLANG_CXX_LIBRARY = "libc++";
				CLANG_ENABLE_MODULES = YES;
				CLANG_ENABLE_OBJC_ARC = YES;
				CLANG_ENABLE_OBJC_WEAK = YES;
				CLANG_WARN_BLOCK_CAPTURE_AUTORELEASING = YES;
				CLANG_WARN_BOOL_CONVERSION = YES;
				CLANG_WARN_COMMA = YES;
				CLANG_WARN_CONSTANT_CONVERSION = YES;
				CLANG_WARN_DEPRECATED_OBJC_IMPLEMENTATIONS = YES;
				CLANG_WARN_DIRECT_OBJC_ISA_USAGE = YES_ERROR;
				CLANG_WARN_DOCUMENTATION_COMMENTS = YES;
				CLANG_WARN_EMPTY_BODY = YES;
				CLANG_WARN_ENUM_CONVERSION = YES;
				CLANG_WARN_INFINITE_RECURSION = YES;
				CLANG_WARN_INT_CONVERSION = YES;
				CLANG_WARN_NON_LITERAL_NULL_CONVERSION = YES;
				CLANG_WARN_OBJC_IMPLICIT_RETAIN_SELF = YES;
				CLANG_WARN_OBJC_LITERAL_CONVERSION = YES;
				CLANG_WARN_OBJC_ROOT_CLASS = YES_ERROR;
				CLANG_WARN_QUOTED_INCLUDE_IN_FRAMEWORK_HEADER = YES;
				CLANG_WARN_RANGE_LOOP_ANALYSIS = YES;
				CLANG_WARN_STRICT_PROTOTYPES = YES;
				CLANG_WARN_SUSPICIOUS_MOVE = YES;
				CLANG_WARN_UNGUARDED_AVAILABILITY = YES_AGGRESSIVE;
				CLANG_WARN_UNREACHABLE_CODE = YES;
				CLANG_WARN__DUPLICATE_METHOD_MATCH = YES;
				COPY_PHASE_STRIP = NO;
				CURRENT_PROJECT_VERSION = 1;
				DEBUG_INFORMATION_FORMAT = dwarf;
				DEVELOPMENT_TEAM = 3Z2GBKFGF5;
				ENABLE_STRICT_OBJC_MSGSEND = YES;
				ENABLE_TESTABILITY = YES;
				ENABLE_USER_SCRIPT_SANDBOXING = YES;
				GCC_C_LANGUAGE_STANDARD = gnu11;
				GCC_DYNAMIC_NO_PIC = NO;
				GCC_NO_COMMON_BLOCKS = YES;
				GCC_OPTIMIZATION_LEVEL = 0;
				GCC_PREPROCESSOR_DEFINITIONS = (
					"$(inherited)",
					"DEBUG=1",
				);
				GCC_WARN_64_TO_32_BIT_CONVERSION = YES;
				GCC_WARN_ABOUT_RETURN_TYPE = YES_ERROR;
				GCC_WARN_UNDECLARED_SELECTOR = YES;
				GCC_WARN_UNINITIALIZED_AUTOS = YES_AGGRESSIVE;
				GCC_WARN_UNUSED_FUNCTION = YES;
				GCC_WARN_UNUSED_VARIABLE = YES;
				IPHONEOS_DEPLOYMENT_TARGET = 17.0;
				MARKETING_VERSION = 1.0;
				MTL_ENABLE_DEBUG_INFO = INCLUDE_SOURCE;
				MTL_FAST_MATH = YES;
				ONLY_ACTIVE_ARCH = YES;
				PRODUCT_NAME = "$(TARGET_NAME)";
				SDKROOT = iphoneos;
				STRING_CATALOG_GENERATE_SYMBOLS = YES;
				SWIFT_ACTIVE_COMPILATION_CONDITIONS = DEBUG;
				SWIFT_OPTIMIZATION_LEVEL = "-Onone";
				SWIFT_VERSION = 5.9;
			};
			name = Debug;
		};
		2342A24D5C3E031193FC105E /* Debug */ = {
			isa = XCBuildConfiguration;
			buildSettings = {
				BUNDLE_LOADER = "$(TEST_HOST)";
				GENERATE_INFOPLIST_FILE = YES;
				IPHONEOS_DEPLOYMENT_TARGET = 17.0;
				LD_RUNPATH_SEARCH_PATHS = (
					"$(inherited)",
					"@executable_path/Frameworks",
					"@loader_path/Frameworks",
				);
				PRODUCT_BUNDLE_IDENTIFIER = com.nfnat0.memoryspotsTests;
				SDKROOT = iphoneos;
				TARGETED_DEVICE_FAMILY = "1,2";
				TEST_HOST = "$(BUILT_PRODUCTS_DIR)/MindPalace.app/MindPalace";
			};
			name = Debug;
		};
		5772524CBA71850D55ADEC14 /* Release */ = {
			isa = XCBuildConfiguration;
			buildSettings = {
				BUNDLE_LOADER = "$(TEST_HOST)";
				GENERATE_INFOPLIST_FILE = YES;
				IPHONEOS_DEPLOYMENT_TARGET = 17.0;
				LD_RUNPATH_SEARCH_PATHS = (
					"$(inherited)",
					"@executable_path/Frameworks",
					"@loader_path/Frameworks",
				);
				PRODUCT_BUNDLE_IDENTIFIER = com.nfnat0.memoryspotsTests;
				SDKROOT = iphoneos;
				TARGETED_DEVICE_FAMILY = "1,2";
				TEST_HOST = "$(BUILT_PRODUCTS_DIR)/MindPalace.app/MindPalace";
			};
			name = Release;
		};
		6D0C90E776BA4C96D9489CE4 /* Release */ = {
			isa = XCBuildConfiguration;
			buildSettings = {
				ASSETCATALOG_COMPILER_APPICON_NAME = AppIcon;
				CODE_SIGN_IDENTITY = "iPhone Developer";
				INFOPLIST_FILE = MindPalace/Info.plist;
				IPHONEOS_DEPLOYMENT_TARGET = 17.0;
				LD_RUNPATH_SEARCH_PATHS = (
					"$(inherited)",
					"@executable_path/Frameworks",
				);
				PRODUCT_BUNDLE_IDENTIFIER = com.nfnat0.memoryspots;
				SDKROOT = iphoneos;
				TARGETED_DEVICE_FAMILY = "1,2";
			};
			name = Release;
		};
		847DC34F2730D51FED1A7DA9 /* Release */ = {
			isa = XCBuildConfiguration;
			buildSettings = {
				ALWAYS_SEARCH_USER_PATHS = NO;
				CLANG_ANALYZER_LOCALIZABILITY_NONLOCALIZED = YES;
				CLANG_ANALYZER_NONNULL = YES;
				CLANG_ANALYZER_NUMBER_OBJECT_CONVERSION = YES_AGGRESSIVE;
				CLANG_CXX_LANGUAGE_STANDARD = "gnu++14";
				CLANG_CXX_LIBRARY = "libc++";
				CLANG_ENABLE_MODULES = YES;
				CLANG_ENABLE_OBJC_ARC = YES;
				CLANG_ENABLE_OBJC_WEAK = YES;
				CLANG_WARN_BLOCK_CAPTURE_AUTORELEASING = YES;
				CLANG_WARN_BOOL_CONVERSION = YES;
				CLANG_WARN_COMMA = YES;
				CLANG_WARN_CONSTANT_CONVERSION = YES;
				CLANG_WARN_DEPRECATED_OBJC_IMPLEMENTATIONS = YES;
				CLANG_WARN_DIRECT_OBJC_ISA_USAGE = YES_ERROR;
				CLANG_WARN_DOCUMENTATION_COMMENTS = YES;
				CLANG_WARN_EMPTY_BODY = YES;
				CLANG_WARN_ENUM_CONVERSION = YES;
				CLANG_WARN_INFINITE_RECURSION = YES;
				CLANG_WARN_INT_CONVERSION = YES;
				CLANG_WARN_NON_LITERAL_NULL_CONVERSION = YES;
				CLANG_WARN_OBJC_IMPLICIT_RETAIN_SELF = YES;
				CLANG_WARN_OBJC_LITERAL_CONVERSION = YES;
				CLANG_WARN_OBJC_ROOT_CLASS = YES_ERROR;
				CLANG_WARN_QUOTED_INCLUDE_IN_FRAMEWORK_HEADER = YES;
				CLANG_WARN_RANGE_LOOP_ANALYSIS = YES;
				CLANG_WARN_STRICT_PROTOTYPES = YES;
				CLANG_WARN_SUSPICIOUS_MOVE = YES;
				CLANG_WARN_UNGUARDED_AVAILABILITY = YES_AGGRESSIVE;
				CLANG_WARN_UNREACHABLE_CODE = YES;
				CLANG_WARN__DUPLICATE_METHOD_MATCH = YES;
				COPY_PHASE_STRIP = NO;
				CURRENT_PROJECT_VERSION = 1;
				DEBUG_INFORMATION_FORMAT = "dwarf-with-dsym";
				DEVELOPMENT_TEAM = 3Z2GBKFGF5;
				ENABLE_NS_ASSERTIONS = NO;
				ENABLE_STRICT_OBJC_MSGSEND = YES;
				ENABLE_USER_SCRIPT_SANDBOXING = YES;
				GCC_C_LANGUAGE_STANDARD = gnu11;
				GCC_NO_COMMON_BLOCKS = YES;
				GCC_WARN_64_TO_32_BIT_CONVERSION = YES;
				GCC_WARN_ABOUT_RETURN_TYPE = YES_ERROR;
				GCC_WARN_UNDECLARED_SELECTOR = YES;
				GCC_WARN_UNINITIALIZED_AUTOS = YES_AGGRESSIVE;
				GCC_WARN_UNUSED_FUNCTION = YES;
				GCC_WARN_UNUSED_VARIABLE = YES;
				IPHONEOS_DEPLOYMENT_TARGET = 17.0;
				MARKETING_VERSION = 1.0;
				MTL_ENABLE_DEBUG_INFO = NO;
				MTL_FAST_MATH = YES;
				PRODUCT_NAME = "$(TARGET_NAME)";
				SDKROOT = iphoneos;
				STRING_CATALOG_GENERATE_SYMBOLS = YES;
				SWIFT_COMPILATION_MODE = wholemodule;
				SWIFT_OPTIMIZATION_LEVEL = "-O";
				SWIFT_VERSION = 5.9;
			};
			name = Release;
		};
		8DA9BE44A5B741B12A05CD96 /* Debug */ = {
			isa = XCBuildConfiguration;
			buildSettings = {
				ASSETCATALOG_COMPILER_APPICON_NAME = AppIcon;
				CODE_SIGN_IDENTITY = "iPhone Developer";
				INFOPLIST_FILE = MindPalace/Info.plist;
				IPHONEOS_DEPLOYMENT_TARGET = 17.0;
				LD_RUNPATH_SEARCH_PATHS = (
					"$(inherited)",
					"@executable_path/Frameworks",
				);
				PRODUCT_BUNDLE_IDENTIFIER = com.nfnat0.memoryspots;
				SDKROOT = iphoneos;
				TARGETED_DEVICE_FAMILY = "1,2";
			};
			name = Debug;
		};
		AA97DB1BDE369ACF00D392C4 /* Release */ = {
			isa = XCBuildConfiguration;
			buildSettings = {
				BUNDLE_LOADER = "$(TEST_HOST)";
				GENERATE_INFOPLIST_FILE = YES;
				IPHONEOS_DEPLOYMENT_TARGET = 17.0;
				LD_RUNPATH_SEARCH_PATHS = (
					"$(inherited)",
					"@executable_path/Frameworks",
					"@loader_path/Frameworks",
				);
				PRODUCT_BUNDLE_IDENTIFIER = com.nfnat0.memoryspotsUITests;
				SDKROOT = iphoneos;
				TARGETED_DEVICE_FAMILY = "1,2";
				TEST_TARGET_NAME = MindPalace;
			};
			name = Release;
		};
		CF10C2E71D1C07AC7731F882 /* Debug */ = {
			isa = XCBuildConfiguration;
			buildSettings = {
				BUNDLE_LOADER = "$(TEST_HOST)";
				GENERATE_INFOPLIST_FILE = YES;
				IPHONEOS_DEPLOYMENT_TARGET = 17.0;
				LD_RUNPATH_SEARCH_PATHS = (
					"$(inherited)",
					"@executable_path/Frameworks",
					"@loader_path/Frameworks",
				);
				PRODUCT_BUNDLE_IDENTIFIER = com.nfnat0.memoryspotsUITests;
				SDKROOT = iphoneos;
				TARGETED_DEVICE_FAMILY = "1,2";
				TEST_TARGET_NAME = MindPalace;
			};
			name = Debug;
		};
/* End XCBuildConfiguration section */

/* Begin XCConfigurationList section */
		9DC4C990C1E53A43ED0923EF /* Build configuration list for PBXNativeTarget "MindPalace" */ = {
			isa = XCConfigurationList;
			buildConfigurations = (
				8DA9BE44A5B741B12A05CD96 /* Debug */,
				6D0C90E776BA4C96D9489CE4 /* Release */,
			);
			defaultConfigurationIsVisible = 0;
			defaultConfigurationName = Debug;
		};
		AB50D588DBC6ACAC318980FE /* Build configuration list for PBXNativeTarget "MindPalaceUITests" */ = {
			isa = XCConfigurationList;
			buildConfigurations = (
				CF10C2E71D1C07AC7731F882 /* Debug */,
				AA97DB1BDE369ACF00D392C4 /* Release */,
			);
			defaultConfigurationIsVisible = 0;
			defaultConfigurationName = Debug;
		};
		F37D63AF18151714F2C05134 /* Build configuration list for PBXNativeTarget "MindPalaceTests" */ = {
			isa = XCConfigurationList;
			buildConfigurations = (
				2342A24D5C3E031193FC105E /* Debug */,
				5772524CBA71850D55ADEC14 /* Release */,
			);
			defaultConfigurationIsVisible = 0;
			defaultConfigurationName = Debug;
		};
		F7C9A695EC87DF55115684AC /* Build configuration list for PBXProject "MindPalace" */ = {
			isa = XCConfigurationList;
			buildConfigurations = (
				023262F196AB822ED6D84A3F /* Debug */,
				847DC34F2730D51FED1A7DA9 /* Release */,
			);
			defaultConfigurationIsVisible = 0;
			defaultConfigurationName = Debug;
		};
/* End XCConfigurationList section */
	};
	rootObject = 3D53D31276917A441A86FF9E /* Project object */;
}
